
Microsoft Visual Studio Solution File, Format Version 12.00
# Visual Studio Version 17
VisualStudioVersion = 17.0.31903.59
MinimumVisualStudioVersion = 10.0.40219.1
Project("{2150E333-8FDC-42A3-9474-1A3956D46DE8}") = "src", "src", "{8C7D7F9A-7B5E-4F5C-8C5D-1A3956D46DE8}"
EndProject
Project("{FAE04EC0-301F-11D3-BF4B-00C04F79EFBC}") = "Domain", "src\Domain\Domain.csproj", "{D1234567-89AB-CDEF-0123-456789ABCDEF}"
EndProject
Project("{FAE04EC0-301F-11D3-BF4B-00C04F79EFBC}") = "Application", "src\Application\Application.csproj", "{D2234567-89AB-CDEF-0123-456789ABCDEF}"
EndProject
Project("{FAE04EC0-301F-11D3-BF4B-00C04F79EFBC}") = "Infrastructure", "src\Infrastructure\Infrastructure.csproj", "{D3234567-89AB-CDEF-0123-456789ABCDEF}"
EndProject
Project("{FAE04EC0-301F-11D3-BF4B-00C04F79EFBC}") = "API", "src\API\API.csproj", "{D4234567-89AB-CDEF-0123-456789ABCDEF}"
EndProject
Project("{2150E333-8FDC-42A3-9474-1A3956D46DE8}") = "tests", "tests", "{A1B2C3D4-E5F6-7890-ABCD-EF1234567890}"
EndProject
Project("{FAE04EC0-301F-11D3-BF4B-00C04F79EFBC}") = "Domain.UnitTests", "tests\Domain.UnitTests\Domain.UnitTests.csproj", "{E1234567-89AB-CDEF-0123-456789ABCDEF}"
EndProject
Project("{FAE04EC0-301F-11D3-BF4B-00C04F79EFBC}") = "Application.UnitTests", "tests\Application.UnitTests\Application.UnitTests.csproj", "{E2234567-89AB-CDEF-0123-456789ABCDEF}"
EndProject
Project("{FAE04EC0-301F-11D3-BF4B-00C04F79EFBC}") = "Infrastructure.UnitTests", "tests\Infrastructure.UnitTests\Infrastructure.UnitTests.csproj", "{D21909DF-8021-4F0B-9C54-79103AFE0E8E}"
EndProject
Project("{FAE04EC0-301F-11D3-BF4B-00C04F79EFBC}") = "API.UnitTests", "tests\API.UnitTests\API.UnitTests.csproj", "{89D9C200-8D17-4C07-9C5F-84A03A469263}"
EndProject
Project("{FAE04EC0-301F-11D3-BF4B-00C04F79EFBC}") = "AURA.Tests.Integration", "tests\AURA.Tests.Integration\AURA.Tests.Integration.csproj", "{57070D10-09C2-4A08-9D1D-15BB67AB6C21}"
EndProject
Global
	GlobalSection(SolutionConfigurationPlatforms) = preSolution
		Debug|Any CPU = Debug|Any CPU
		Debug|x64 = Debug|x64
		Debug|x86 = Debug|x86
		Release|Any CPU = Release|Any CPU
		Release|x64 = Release|x64
		Release|x86 = Release|x86
	EndGlobalSection
	GlobalSection(ProjectConfigurationPlatforms) = postSolution
		{D1234567-89AB-CDEF-0123-456789ABCDEF}.Debug|Any CPU.ActiveCfg = Debug|Any CPU
		{D1234567-89AB-CDEF-0123-456789ABCDEF}.Debug|Any CPU.Build.0 = Debug|Any CPU
		{D1234567-89AB-CDEF-0123-456789ABCDEF}.Debug|x64.ActiveCfg = Debug|Any CPU
		{D1234567-89AB-CDEF-0123-456789ABCDEF}.Debug|x64.Build.0 = Debug|Any CPU
		{D1234567-89AB-CDEF-0123-456789ABCDEF}.Debug|x86.ActiveCfg = Debug|Any CPU
		{D1234567-89AB-CDEF-0123-456789ABCDEF}.Debug|x86.Build.0 = Debug|Any CPU
		{D1234567-89AB-CDEF-0123-456789ABCDEF}.Release|Any CPU.ActiveCfg = Release|Any CPU
		{D1234567-89AB-CDEF-0123-456789ABCDEF}.Release|Any CPU.Build.0 = Release|Any CPU
		{D1234567-89AB-CDEF-0123-456789ABCDEF}.Release|x64.ActiveCfg = Release|Any CPU
		{D1234567-89AB-CDEF-0123-456789ABCDEF}.Release|x64.Build.0 = Release|Any CPU
		{D1234567-89AB-CDEF-0123-456789ABCDEF}.Release|x86.ActiveCfg = Release|Any CPU
		{D1234567-89AB-CDEF-0123-456789ABCDEF}.Release|x86.Build.0 = Release|Any CPU
		{D2234567-89AB-CDEF-0123-456789ABCDEF}.Debug|Any CPU.ActiveCfg = Debug|Any CPU
		{D2234567-89AB-CDEF-0123-456789ABCDEF}.Debug|Any CPU.Build.0 = Debug|Any CPU
		{D2234567-89AB-CDEF-0123-456789ABCDEF}.Debug|x64.ActiveCfg = Debug|Any CPU
		{D2234567-89AB-CDEF-0123-456789ABCDEF}.Debug|x64.Build.0 = Debug|Any CPU
		{D2234567-89AB-CDEF-0123-456789ABCDEF}.Debug|x86.ActiveCfg = Debug|Any CPU
		{D2234567-89AB-CDEF-0123-456789ABCDEF}.Debug|x86.Build.0 = Debug|Any CPU
		{D2234567-89AB-CDEF-0123-456789ABCDEF}.Release|Any CPU.ActiveCfg = Release|Any CPU
		{D2234567-89AB-CDEF-0123-456789ABCDEF}.Release|Any CPU.Build.0 = Release|Any CPU
		{D2234567-89AB-CDEF-0123-456789ABCDEF}.Release|x64.ActiveCfg = Release|Any CPU
		{D2234567-89AB-CDEF-0123-456789ABCDEF}.Release|x64.Build.0 = Release|Any CPU
		{D2234567-89AB-CDEF-0123-456789ABCDEF}.Release|x86.ActiveCfg = Release|Any CPU
		{D2234567-89AB-CDEF-0123-456789ABCDEF}.Release|x86.Build.0 = Release|Any CPU
		{D3234567-89AB-CDEF-0123-456789ABCDEF}.Debug|Any CPU.ActiveCfg = Debug|Any CPU
		{D3234567-89AB-CDEF-0123-456789ABCDEF}.Debug|Any CPU.Build.0 = Debug|Any CPU
		{D3234567-89AB-CDEF-0123-456789ABCDEF}.Debug|x64.ActiveCfg = Debug|Any CPU
		{D3234567-89AB-CDEF-0123-456789ABCDEF}.Debug|x64.Build.0 = Debug|Any CPU
		{D3234567-89AB-CDEF-0123-456789ABCDEF}.Debug|x86.ActiveCfg = Debug|Any CPU
		{D3234567-89AB-CDEF-0123-456789ABCDEF}.Debug|x86.Build.0 = Debug|Any CPU
		{D3234567-89AB-CDEF-0123-456789ABCDEF}.Release|Any CPU.ActiveCfg = Release|Any CPU
		{D3234567-89AB-CDEF-0123-456789ABCDEF}.Release|Any CPU.Build.0 = Release|Any CPU
		{D3234567-89AB-CDEF-0123-456789ABCDEF}.Release|x64.ActiveCfg = Release|Any CPU
		{D3234567-89AB-CDEF-0123-456789ABCDEF}.Release|x64.Build.0 = Release|Any CPU
		{D3234567-89AB-CDEF-0123-456789ABCDEF}.Release|x86.ActiveCfg = Release|Any CPU
		{D3234567-89AB-CDEF-0123-456789ABCDEF}.Release|x86.Build.0 = Release|Any CPU
		{D4234567-89AB-CDEF-0123-456789ABCDEF}.Debug|Any CPU.ActiveCfg = Debug|Any CPU
		{D4234567-89AB-CDEF-0123-456789ABCDEF}.Debug|Any CPU.Build.0 = Debug|Any CPU
		{D4234567-89AB-CDEF-0123-456789ABCDEF}.Debug|x64.ActiveCfg = Debug|Any CPU
		{D4234567-89AB-CDEF-0123-456789ABCDEF}.Debug|x64.Build.0 = Debug|Any CPU
		{D4234567-89AB-CDEF-0123-456789ABCDEF}.Debug|x86.ActiveCfg = Debug|Any CPU
		{D4234567-89AB-CDEF-0123-456789ABCDEF}.Debug|x86.Build.0 = Debug|Any CPU
		{D4234567-89AB-CDEF-0123-456789ABCDEF}.Release|Any CPU.ActiveCfg = Release|Any CPU
		{D4234567-89AB-CDEF-0123-456789ABCDEF}.Release|Any CPU.Build.0 = Release|Any CPU
		{D4234567-89AB-CDEF-0123-456789ABCDEF}.Release|x64.ActiveCfg = Release|Any CPU
		{D4234567-89AB-CDEF-0123-456789ABCDEF}.Release|x64.Build.0 = Release|Any CPU
		{D4234567-89AB-CDEF-0123-456789ABCDEF}.Release|x86.ActiveCfg = Release|Any CPU
		{D4234567-89AB-CDEF-0123-456789ABCDEF}.Release|x86.Build.0 = Release|Any CPU
		{E1234567-89AB-CDEF-0123-456789ABCDEF}.Debug|Any CPU.ActiveCfg = Debug|Any CPU
		{E1234567-89AB-CDEF-0123-456789ABCDEF}.Debug|Any CPU.Build.0 = Debug|Any CPU
		{E1234567-89AB-CDEF-0123-456789ABCDEF}.Debug|x64.ActiveCfg = Debug|Any CPU
		{E1234567-89AB-CDEF-0123-456789ABCDEF}.Debug|x64.Build.0 = Debug|Any CPU
		{E1234567-89AB-CDEF-0123-456789ABCDEF}.Debug|x86.ActiveCfg = Debug|Any CPU
		{E1234567-89AB-CDEF-0123-456789ABCDEF}.Debug|x86.Build.0 = Debug|Any CPU
		{E1234567-89AB-CDEF-0123-456789ABCDEF}.Release|Any CPU.ActiveCfg = Release|Any CPU
		{E1234567-89AB-CDEF-0123-456789ABCDEF}.Release|Any CPU.Build.0 = Release|Any CPU
		{E1234567-89AB-CDEF-0123-456789ABCDEF}.Release|x64.ActiveCfg = Release|Any CPU
		{E1234567-89AB-CDEF-0123-456789ABCDEF}.Release|x64.Build.0 = Release|Any CPU
		{E1234567-89AB-CDEF-0123-456789ABCDEF}.Release|x86.ActiveCfg = Release|Any CPU
		{E1234567-89AB-CDEF-0123-456789ABCDEF}.Release|x86.Build.0 = Release|Any CPU
		{E2234567-89AB-CDEF-0123-456789ABCDEF}.Debug|Any CPU.ActiveCfg = Debug|Any CPU
		{E2234567-89AB-CDEF-0123-456789ABCDEF}.Debug|Any CPU.Build.0 = Debug|Any CPU
		{E2234567-89AB-CDEF-0123-456789ABCDEF}.Debug|x64.ActiveCfg = Debug|Any CPU
		{E2234567-89AB-CDEF-0123-456789ABCDEF}.Debug|x64.Build.0 = Debug|Any CPU
		{E2234567-89AB-CDEF-0123-456789ABCDEF}.Debug|x86.ActiveCfg = Debug|Any CPU
		{E2234567-89AB-CDEF-0123-456789ABCDEF}.Debug|x86.Build.0 = Debug|Any CPU
		{E2234567-89AB-CDEF-0123-456789ABCDEF}.Release|Any CPU.ActiveCfg = Release|Any CPU
		{E2234567-89AB-CDEF-0123-456789ABCDEF}.Release|Any CPU.Build.0 = Release|Any CPU
		{E2234567-89AB-CDEF-0123-456789ABCDEF}.Release|x64.ActiveCfg = Release|Any CPU
		{E2234567-89AB-CDEF-0123-456789ABCDEF}.Release|x64.Build.0 = Release|Any CPU
		{E2234567-89AB-CDEF-0123-456789ABCDEF}.Release|x86.ActiveCfg = Release|Any CPU
		{E2234567-89AB-CDEF-0123-456789ABCDEF}.Release|x86.Build.0 = Release|Any CPU
		{D21909DF-8021-4F0B-9C54-79103AFE0E8E}.Debug|Any CPU.ActiveCfg = Debug|Any CPU
		{D21909DF-8021-4F0B-9C54-79103AFE0E8E}.Debug|Any CPU.Build.0 = Debug|Any CPU
		{D21909DF-8021-4F0B-9C54-79103AFE0E8E}.Debug|x64.ActiveCfg = Debug|Any CPU
		{D21909DF-8021-4F0B-9C54-79103AFE0E8E}.Debug|x64.Build.0 = Debug|Any CPU
		{D21909DF-8021-4F0B-9C54-79103AFE0E8E}.Debug|x86.ActiveCfg = Debug|Any CPU
		{D21909DF-8021-4F0B-9C54-79103AFE0E8E}.Debug|x86.Build.0 = Debug|Any CPU
		{D21909DF-8021-4F0B-9C54-79103AFE0E8E}.Release|Any CPU.ActiveCfg = Release|Any CPU
		{D21909DF-8021-4F0B-9C54-79103AFE0E8E}.Release|Any CPU.Build.0 = Release|Any CPU
		{D21909DF-8021-4F0B-9C54-79103AFE0E8E}.Release|x64.ActiveCfg = Release|Any CPU
		{D21909DF-8021-4F0B-9C54-79103AFE0E8E}.Release|x64.Build.0 = Release|Any CPU
		{D21909DF-8021-4F0B-9C54-79103AFE0E8E}.Release|x86.ActiveCfg = Release|Any CPU
		{D21909DF-8021-4F0B-9C54-79103AFE0E8E}.Release|x86.Build.0 = Release|Any CPU
		{89D9C200-8D17-4C07-9C5F-84A03A469263}.Debug|Any CPU.ActiveCfg = Debug|Any CPU
		{89D9C200-8D17-4C07-9C5F-84A03A469263}.Debug|Any CPU.Build.0 = Debug|Any CPU
		{89D9C200-8D17-4C07-9C5F-84A03A469263}.Debug|x64.ActiveCfg = Debug|Any CPU
		{89D9C200-8D17-4C07-9C5F-84A03A469263}.Debug|x64.Build.0 = Debug|Any CPU
		{89D9C200-8D17-4C07-9C5F-84A03A469263}.Debug|x86.ActiveCfg = Debug|Any CPU
		{89D9C200-8D17-4C07-9C5F-84A03A469263}.Debug|x86.Build.0 = Debug|Any CPU
		{89D9C200-8D17-4C07-9C5F-84A03A469263}.Release|Any CPU.ActiveCfg = Release|Any CPU
		{89D9C200-8D17-4C07-9C5F-84A03A469263}.Release|Any CPU.Build.0 = Release|Any CPU
		{89D9C200-8D17-4C07-9C5F-84A03A469263}.Release|x64.ActiveCfg = Release|Any CPU
		{89D9C200-8D17-4C07-9C5F-84A03A469263}.Release|x64.Build.0 = Release|Any CPU
		{89D9C200-8D17-4C07-9C5F-84A03A469263}.Release|x86.ActiveCfg = Release|Any CPU
		{89D9C200-8D17-4C07-9C5F-84A03A469263}.Release|x86.Build.0 = Release|Any CPU
		{57070D10-09C2-4A08-9D1D-15BB67AB6C21}.Debug|Any CPU.ActiveCfg = Debug|Any CPU
		{57070D10-09C2-4A08-9D1D-15BB67AB6C21}.Debug|Any CPU.Build.0 = Debug|Any CPU
		{57070D10-09C2-4A08-9D1D-15BB67AB6C21}.Debug|x64.ActiveCfg = Debug|Any CPU
		{57070D10-09C2-4A08-9D1D-15BB67AB6C21}.Debug|x64.Build.0 = Debug|Any CPU
		{57070D10-09C2-4A08-9D1D-15BB67AB6C21}.Debug|x86.ActiveCfg = Debug|Any CPU
		{57070D10-09C2-4A08-9D1D-15BB67AB6C21}.Debug|x86.Build.0 = Debug|Any CPU
		{57070D10-09C2-4A08-9D1D-15BB67AB6C21}.Release|Any CPU.ActiveCfg = Release|Any CPU
		{57070D10-09C2-4A08-9D1D-15BB67AB6C21}.Release|Any CPU.Build.0 = Release|Any CPU
		{57070D10-09C2-4A08-9D1D-15BB67AB6C21}.Release|x64.ActiveCfg = Release|Any CPU
		{57070D10-09C2-4A08-9D1D-15BB67AB6C21}.Release|x64.Build.0 = Release|Any CPU
		{57070D10-09C2-4A08-9D1D-15BB67AB6C21}.Release|x86.ActiveCfg = Release|Any CPU
		{57070D10-09C2-4A08-9D1D-15BB67AB6C21}.Release|x86.Build.0 = Release|Any CPU
	EndGlobalSection
	GlobalSection(SolutionProperties) = preSolution
		HideSolutionNode = FALSE
	EndGlobalSection
	GlobalSection(NestedProjects) = preSolution
		{D1234567-89AB-CDEF-0123-456789ABCDEF} = {8C7D7F9A-7B5E-4F5C-8C5D-1A3956D46DE8}
		{D2234567-89AB-CDEF-0123-456789ABCDEF} = {8C7D7F9A-7B5E-4F5C-8C5D-1A3956D46DE8}
		{D3234567-89AB-CDEF-0123-456789ABCDEF} = {8C7D7F9A-7B5E-4F5C-8C5D-1A3956D46DE8}
		{D4234567-89AB-CDEF-0123-456789ABCDEF} = {8C7D7F9A-7B5E-4F5C-8C5D-1A3956D46DE8}
		{E1234567-89AB-CDEF-0123-456789ABCDEF} = {A1B2C3D4-E5F6-7890-ABCD-EF1234567890}
		{E2234567-89AB-CDEF-0123-456789ABCDEF} = {A1B2C3D4-E5F6-7890-ABCD-EF1234567890}
		{D21909DF-8021-4F0B-9C54-79103AFE0E8E} = {A1B2C3D4-E5F6-7890-ABCD-EF1234567890}
		{89D9C200-8D17-4C07-9C5F-84A03A469263} = {A1B2C3D4-E5F6-7890-ABCD-EF1234567890}
		{57070D10-09C2-4A08-9D1D-15BB67AB6C21} = {A1B2C3D4-E5F6-7890-ABCD-EF1234567890}
	EndGlobalSection
EndGlobal
